PODS:
  - JRCustomPlayerSdk (0.3.0)

DEPENDENCIES:
  - JRCustomPlayerSdk (from `../`)

EXTERNAL SOURCES:
  JRCustomPlayerSdk:
    :path: "../"

SPEC CHECKSUMS:
  JRCustomPlayerSdk: 5a1821871394afedb22496d86e6e339ddfaad17f

PODFILE CHECKSUM: 016f6314d93275614b753043632026d733d01106

COCOAPODS: 1.11.3
