PODS:
  - JRCustomAliyunPlayersdk (0.1.0)

DEPENDENCIES:
  - JRCustomAliyunPlayersdk (from `../`)

EXTERNAL SOURCES:
  JRCustomAliyunPlayersdk:
    :path: "../"

SPEC CHECKSUMS:
  JRCustomAliyunPlayersdk: a525b86222668e715b43da95a56468be9f781e47

PODFILE CHECKSUM: b2cc2d1e4d436b3637f99cbfb22eaf49bedc8e69

COCOAPODS: 1.11.2
